
Microsoft Visual Studio Solution File, Format Version 12.00
# Visual Studio Version 17
VisualStudioVersion = 17.8.34330.188
MinimumVisualStudioVersion = 10.0.40219.1
Project("{8BC9CEB8-8B4A-11D0-8D11-00A0C91BC942}") = "OOP2_cpp", "OOP2_cpp.vcxproj", "{78B07BFE-2640-427E-81FD-57B32609BCB5}"
EndProject
Global
	GlobalSection(SolutionConfigurationPlatforms) = preSolution
		Debug|x64 = Debug|x64
		Debug|x86 = Debug|x86
		Release|x64 = Release|x64
		Release|x86 = Release|x86
	EndGlobalSection
	GlobalSection(ProjectConfigurationPlatforms) = postSolution
		{78B07BFE-2640-427E-81FD-57B32609BCB5}.Debug|x64.ActiveCfg = Debug|x64
		{78B07BFE-2640-427E-81FD-57B32609BCB5}.Debug|x64.Build.0 = Debug|x64
		{78B07BFE-2640-427E-81FD-57B32609BCB5}.Debug|x86.ActiveCfg = Debug|Win32
		{78B07BFE-2640-427E-81FD-57B32609BCB5}.Debug|x86.Build.0 = Debug|Win32
		{78B07BFE-2640-427E-81FD-57B32609BCB5}.Release|x64.ActiveCfg = Release|x64
		{78B07BFE-2640-427E-81FD-57B32609BCB5}.Release|x64.Build.0 = Release|x64
		{78B07BFE-2640-427E-81FD-57B32609BCB5}.Release|x86.ActiveCfg = Release|Win32
		{78B07BFE-2640-427E-81FD-57B32609BCB5}.Release|x86.Build.0 = Release|Win32
	EndGlobalSection
	GlobalSection(SolutionProperties) = preSolution
		HideSolutionNode = FALSE
	EndGlobalSection
	GlobalSection(ExtensibilityGlobals) = postSolution
		SolutionGuid = {376C5389-983A-47A2-9EF0-89F385017031}
	EndGlobalSection
EndGlobal
